
Microsoft Visual Studio Solution File, Format Version 12.00
# Visual Studio Version 16
VisualStudioVersion = 16.0.31105.61
MinimumVisualStudioVersion = 10.0.40219.1
Project("{FAE04EC0-301F-11D3-BF4B-00C04F79EFBC}") = "WAZAAARRRRR", "WAZAAARRRRR.csproj", "{429B500D-6067-4D82-9192-9F2BCD74F690}"
EndProject
Global
	GlobalSection(SolutionConfigurationPlatforms) = preSolution
		Debug|Any CPU = Debug|Any CPU
		Release|Any CPU = Release|Any CPU
	EndGlobalSection
	GlobalSection(ProjectConfigurationPlatforms) = postSolution
		{429B500D-6067-4D82-9192-9F2BCD74F690}.Debug|Any CPU.ActiveCfg = Debug|Any CPU
		{429B500D-6067-4D82-9192-9F2BCD74F690}.Debug|Any CPU.Build.0 = Debug|Any CPU
		{429B500D-6067-4D82-9192-9F2BCD74F690}.Release|Any CPU.ActiveCfg = Release|Any CPU
		{429B500D-6067-4D82-9192-9F2BCD74F690}.Release|Any CPU.Build.0 = Release|Any CPU
	EndGlobalSection
	GlobalSection(SolutionProperties) = preSolution
		HideSolutionNode = FALSE
	EndGlobalSection
	GlobalSection(ExtensibilityGlobals) = postSolution
		SolutionGuid = {5E5B89B3-7C07-4154-A75C-9F896D9EF6F5}
	EndGlobalSection
EndGlobal
